// !$*UTF8*$!
{
	archiveVersion = 1;
	classes = {
	};
	objectVersion = 50;
	objects = {

/* Begin PBXBuildFile section */
		011EDD9626122A9F00F80B8B /* AppDelegate.swift in Sources */ = {isa = PBXBuildFile; fileRef = 011EDD9526122A9F00F80B8B /* AppDelegate.swift */; };
		011EDD9826122A9F00F80B8B /* SceneDelegate.swift in Sources */ = {isa = PBXBuildFile; fileRef = 011EDD9726122A9F00F80B8B /* SceneDelegate.swift */; };
		011EDD9A26122A9F00F80B8B /* ViewController.swift in Sources */ = {isa = PBXBuildFile; fileRef = 011EDD9926122A9F00F80B8B /* ViewController.swift */; };
		011EDD9D26122A9F00F80B8B /* Main.storyboard in Resources */ = {isa = PBXBuildFile; fileRef = 011EDD9B26122A9F00F80B8B /* Main.storyboard */; };
		011EDD9F26122AA200F80B8B /* Assets.xcassets in Resources */ = {isa = PBXBuildFile; fileRef = 011EDD9E26122AA200F80B8B /* Assets.xcassets */; };
		011EDDA226122AA200F80B8B /* LaunchScreen.storyboard in Resources */ = {isa = PBXBuildFile; fileRef = 011EDDA026122AA200F80B8B /* LaunchScreen.storyboard */; };
		011EDDB2261231D600F80B8B /* CircleView.swift in Sources */ = {isa = PBXBuildFile; fileRef = 011EDDB1261231D600F80B8B /* CircleView.swift */; };
/* End PBXBuildFile section */

/* Begin PBXFileReference section */
		011EDD9226122A9F00F80B8B /* 21 game.app */ = {isa = PBXFileReference; explicitFileType = wrapper.application; includeInIndex = 0; path = "21 game.app"; sourceTree = BUILT_PRODUCTS_DIR; };
		011EDD9526122A9F00F80B8B /* AppDelegate.swift */ = {isa = PBXFileReference; lastKnownFileType = sourcecode.swift; path = AppDelegate.swift; sourceTree = "<group>"; };
		011EDD9726122A9F00F80B8B /* SceneDelegate.swift */ = {isa = PBXFileReference; lastKnownFileType = sourcecode.swift; path = SceneDelegate.swift; sourceTree = "<group>"; };
		011EDD9926122A9F00F80B8B /* ViewController.swift */ = {isa = PBXFileReference; lastKnownFileType = sourcecode.swift; path = ViewController.swift; sourceTree = "<group>"; };
		011EDD9C26122A9F00F80B8B /* Base */ = {isa = PBXFileReference; lastKnownFileType = file.storyboard; name = Base; path = Base.lproj/Main.storyboard; sourceTree = "<group>"; };
		011EDD9E26122AA200F80B8B /* Assets.xcassets */ = {isa = PBXFileReference; lastKnownFileType = folder.assetcatalog; path = Assets.xcassets; sourceTree = "<group>"; };
		011EDDA126122AA200F80B8B /* Base */ = {isa = PBXFileReference; lastKnownFileType = file.storyboard; name = Base; path = Base.lproj/LaunchScreen.storyboard; sourceTree = "<group>"; };
		011EDDA326122AA200F80B8B /* Info.plist */ = {isa = PBXFileReference; lastKnownFileType = text.plist.xml; path = Info.plist; sourceTree = "<group>"; };
		011EDDB1261231D600F80B8B /* CircleView.swift */ = {isa = PBXFileReference; lastKnownFileType = sourcecode.swift; path = CircleView.swift; sourceTree = "<group>"; };
/* End PBXFileReference section */

/* Begin PBXFrameworksBuildPhase section */
		011EDD8F26122A9E00F80B8B /* Frameworks */ = {
			isa = PBXFrameworksBuildPhase;
			buildActionMask = 2147483647;
			files = (
			);
			runOnlyForDeploymentPostprocessing = 0;
		};
/* End PBXFrameworksBuildPhase section */

/* Begin PBXGroup section */
		011EDD8926122A9E00F80B8B = {
			isa = PBXGroup;
			children = (
				011EDD9426122A9F00F80B8B /* 21 game */,
				011EDD9326122A9F00F80B8B /* Products */,
			);
			sourceTree = "<group>";
		};
		011EDD9326122A9F00F80B8B /* Products */ = {
			isa = PBXGroup;
			children = (
				011EDD9226122A9F00F80B8B /* 21 game.app */,
			);
			name = Products;
			sourceTree = "<group>";
		};
		011EDD9426122A9F00F80B8B /* 21 game */ = {
			isa = PBXGroup;
			children = (
				011EDD9526122A9F00F80B8B /* AppDelegate.swift */,
				011EDD9726122A9F00F80B8B /* SceneDelegate.swift */,
				011EDD9926122A9F00F80B8B /* ViewController.swift */,
				011EDD9B26122A9F00F80B8B /* Main.storyboard */,
				011EDDB1261231D600F80B8B /* CircleView.swift */,
				011EDD9E26122AA200F80B8B /* Assets.xcassets */,
				011EDDA026122AA200F80B8B /* LaunchScreen.storyboard */,
				011EDDA326122AA200F80B8B /* Info.plist */,
			);
			path = "21 game";
			sourceTree = "<group>";
		};
/* End PBXGroup section */

/* Begin PBXNativeTarget section */
		011EDD9126122A9E00F80B8B /* 21 game */ = {
			isa = PBXNativeTarget;
			buildConfigurationList = 011EDDA626122AA200F80B8B /* Build configuration list for PBXNativeTarget "21 game" */;
			buildPhases = (
				011EDD8E26122A9E00F80B8B /* Sources */,
				011EDD8F26122A9E00F80B8B /* Frameworks */,
				011EDD9026122A9E00F80B8B /* Resources */,
			);
			buildRules = (
			);
			dependencies = (
			);
			name = "21 game";
			productName = "21 game";
			productReference = 011EDD9226122A9F00F80B8B /* 21 game.app */;
			productType = "com.apple.product-type.application";
		};
/* End PBXNativeTarget section */

/* Begin PBXProject section */
		011EDD8A26122A9E00F80B8B /* Project object */ = {
			isa = PBXProject;
			attributes = {
				LastSwiftUpdateCheck = 1240;
				LastUpgradeCheck = 1240;
				TargetAttributes = {
					011EDD9126122A9E00F80B8B = {
						CreatedOnToolsVersion = 12.4;
					};
				};
			};
			buildConfigurationList = 011EDD8D26122A9E00F80B8B /* Build configuration list for PBXProject "21 game" */;
			compatibilityVersion = "Xcode 9.3";
			developmentRegion = en;
			hasScannedForEncodings = 0;
			knownRegions = (
				en,
				Base,
			);
			mainGroup = 011EDD8926122A9E00F80B8B;
			productRefGroup = 011EDD9326122A9F00F80B8B /* Products */;
			projectDirPath = "";
			projectRoot = "";
			targets = (
				011EDD9126122A9E00F80B8B /* 21 game */,
			);
		};
/* End PBXProject section */

/* Begin PBXResourcesBuildPhase section */
		011EDD9026122A9E00F80B8B /* Resources */ = {
			isa = PBXResourcesBuildPhase;
			buildActionMask = 2147483647;
			files = (
				011EDDA226122AA200F80B8B /* LaunchScreen.storyboard in Resources */,
				011EDD9F26122AA200F80B8B /* Assets.xcassets in Resources */,
				011EDD9D26122A9F00F80B8B /* Main.storyboard in Resources */,
			);
			runOnlyForDeploymentPostprocessing = 0;
		};
/* End PBXResourcesBuildPhase section */

/* Begin PBXSourcesBuildPhase section */
		011EDD8E26122A9E00F80B8B /* Sources */ = {
			isa = PBXSourcesBuildPhase;
			buildActionMask = 2147483647;
			files = (
				011EDDB2261231D600F80B8B /* CircleView.swift in Sources */,
				011EDD9A26122A9F00F80B8B /* ViewController.swift in Sources */,
				011EDD9626122A9F00F80B8B /* AppDelegate.swift in Sources */,
				011EDD9826122A9F00F80B8B /* SceneDelegate.swift in Sources */,
			);
			runOnlyForDeploymentPostprocessing = 0;
		};
/* End PBXSourcesBuildPhase section */

/* Begin PBXVariantGroup section */
		011EDD9B26122A9F00F80B8B /* Main.storyboard */ = {
			isa = PBXVariantGroup;
			children = (
				011EDD9C26122A9F00F80B8B /* Base */,
			);
			name = Main.storyboard;
			sourceTree = "<group>";
		};
		011EDDA026122AA200F80B8B /* LaunchScreen.storyboard */ = {
			isa = PBXVariantGroup;
			children = (
				011EDDA126122AA200F80B8B /* Base */,
			);
			name = LaunchScreen.storyboard;
			sourceTree = "<group>";
		};
/* End PBXVariantGroup section */

/* Begin XCBuildConfiguration section */
		011EDDA426122AA200F80B8B /* Debug */ = {
			isa = XCBuildConfiguration;
			buildSettings = {
				ALWAYS_SEARCH_USER_PATHS = NO;
				CLANG_ANALYZER_NONNULL = YES;
				CLANG_ANALYZER_NUMBER_OBJECT_CONVERSION = YES_AGGRESSIVE;
				CLANG_CXX_LANGUAGE_STANDARD = "gnu++14";
				CLANG_CXX_LIBRARY = "libc++";
				CLANG_ENABLE_MODULES = YES;
				CLANG_ENABLE_OBJC_ARC = YES;
				CLANG_ENABLE_OBJC_WEAK = YES;
				CLANG_WARN_BLOCK_CAPTURE_AUTORELEASING = YES;
				CLANG_WARN_BOOL_CONVERSION = YES;
				CLANG_WARN_COMMA = YES;
				CLANG_WARN_CONSTANT_CONVERSION = YES;
				CLANG_WARN_DEPRECATED_OBJC_IMPLEMENTATIONS = YES;
				CLANG_WARN_DIRECT_OBJC_ISA_USAGE = YES_ERROR;
				CLANG_WARN_DOCUMENTATION_COMMENTS = YES;
				CLANG_WARN_EMPTY_BODY = YES;
				CLANG_WARN_ENUM_CONVERSION = YES;
				CLANG_WARN_INFINITE_RECURSION = YES;
				CLANG_WARN_INT_CONVERSION = YES;
				CLANG_WARN_NON_LITERAL_NULL_CONVERSION = YES;
				CLANG_WARN_OBJC_IMPLICIT_RETAIN_SELF = YES;
				CLANG_WARN_OBJC_LITERAL_CONVERSION = YES;
				CLANG_WARN_OBJC_ROOT_CLASS = YES_ERROR;
				CLANG_WARN_QUOTED_INCLUDE_IN_FRAMEWORK_HEADER = YES;
				CLANG_WARN_RANGE_LOOP_ANALYSIS = YES;
				CLANG_WARN_STRICT_PROTOTYPES = YES;
				CLANG_WARN_SUSPICIOUS_MOVE = YES;
				CLANG_WARN_UNGUARDED_AVAILABILITY = YES_AGGRESSIVE;
				CLANG_WARN_UNREACHABLE_CODE = YES;
				CLANG_WARN__DUPLICATE_METHOD_MATCH = YES;
				COPY_PHASE_STRIP = NO;
				DEBUG_INFORMATION_FORMAT = dwarf;
				ENABLE_STRICT_OBJC_MSGSEND = YES;
				ENABLE_TESTABILITY = YES;
				GCC_C_LANGUAGE_STANDARD = gnu11;
				GCC_DYNAMIC_NO_PIC = NO;
				GCC_NO_COMMON_BLOCKS = YES;
				GCC_OPTIMIZATION_LEVEL = 0;
				GCC_PREPROCESSOR_DEFINITIONS = (
					"DEBUG=1",
					"$(inherited)",
				);
				GCC_WARN_64_TO_32_BIT_CONVERSION = YES;
				GCC_WARN_ABOUT_RETURN_TYPE = YES_ERROR;
				GCC_WARN_UNDECLARED_SELECTOR = YES;
				GCC_WARN_UNINITIALIZED_AUTOS = YES_AGGRESSIVE;
				GCC_WARN_UNUSED_FUNCTION = YES;
				GCC_WARN_UNUSED_VARIABLE = YES;
				IPHONEOS_DEPLOYMENT_TARGET = 14.4;
				MTL_ENABLE_DEBUG_INFO = INCLUDE_SOURCE;
				MTL_FAST_MATH = YES;
				ONLY_ACTIVE_ARCH = YES;
				SDKROOT = iphoneos;
				SWIFT_ACTIVE_COMPILATION_CONDITIONS = DEBUG;
				SWIFT_OPTIMIZATION_LEVEL = "-Onone";
			};
			name = Debug;
		};
		011EDDA526122AA200F80B8B /* Release */ = {
			isa = XCBuildConfiguration;
			buildSettings = {
				ALWAYS_SEARCH_USER_PATHS = NO;
				CLANG_ANALYZER_NONNULL = YES;
				CLANG_ANALYZER_NUMBER_OBJECT_CONVERSION = YES_AGGRESSIVE;
				CLANG_CXX_LANGUAGE_STANDARD = "gnu++14";
				CLANG_CXX_LIBRARY = "libc++";
				CLANG_ENABLE_MODULES = YES;
				CLANG_ENABLE_OBJC_ARC = YES;
				CLANG_ENABLE_OBJC_WEAK = YES;
				CLANG_WARN_BLOCK_CAPTURE_AUTORELEASING = YES;
				CLANG_WARN_BOOL_CONVERSION = YES;
				CLANG_WARN_COMMA = YES;
				CLANG_WARN_CONSTANT_CONVERSION = YES;
				CLANG_WARN_DEPRECATED_OBJC_IMPLEMENTATIONS = YES;
				CLANG_WARN_DIRECT_OBJC_ISA_USAGE = YES_ERROR;
				CLANG_WARN_DOCUMENTATION_COMMENTS = YES;
				CLANG_WARN_EMPTY_BODY = YES;
				CLANG_WARN_ENUM_CONVERSION = YES;
				CLANG_WARN_INFINITE_RECURSION = YES;
				CLANG_WARN_INT_CONVERSION = YES;
				CLANG_WARN_NON_LITERAL_NULL_CONVERSION = YES;
				CLANG_WARN_OBJC_IMPLICIT_RETAIN_SELF = YES;
				CLANG_WARN_OBJC_LITERAL_CONVERSION = YES;
				CLANG_WARN_OBJC_ROOT_CLASS = YES_ERROR;
				CLANG_WARN_QUOTED_INCLUDE_IN_FRAMEWORK_HEADER = YES;
				CLANG_WARN_RANGE_LOOP_ANALYSIS = YES;
				CLANG_WARN_STRICT_PROTOTYPES = YES;
				CLANG_WARN_SUSPICIOUS_MOVE = YES;
				CLANG_WARN_UNGUARDED_AVAILABILITY = YES_AGGRESSIVE;
				CLANG_WARN_UNREACHABLE_CODE = YES;
				CLANG_WARN__DUPLICATE_METHOD_MATCH = YES;
				COPY_PHASE_STRIP = NO;
				DEBUG_INFORMATION_FORMAT = "dwarf-with-dsym";
				ENABLE_NS_ASSERTIONS = NO;
				ENABLE_STRICT_OBJC_MSGSEND = YES;
				GCC_C_LANGUAGE_STANDARD = gnu11;
				GCC_NO_COMMON_BLOCKS = YES;
				GCC_WARN_64_TO_32_BIT_CONVERSION = YES;
				GCC_WARN_ABOUT_RETURN_TYPE = YES_ERROR;
				GCC_WARN_UNDECLARED_SELECTOR = YES;
				GCC_WARN_UNINITIALIZED_AUTOS = YES_AGGRESSIVE;
				GCC_WARN_UNUSED_FUNCTION = YES;
				GCC_WARN_UNUSED_VARIABLE = YES;
				IPHONEOS_DEPLOYMENT_TARGET = 14.4;
				MTL_ENABLE_DEBUG_INFO = NO;
				MTL_FAST_MATH = YES;
				SDKROOT = iphoneos;
				SWIFT_COMPILATION_MODE = wholemodule;
				SWIFT_OPTIMIZATION_LEVEL = "-O";
				VALIDATE_PRODUCT = YES;
			};
			name = Release;
		};
		011EDDA726122AA200F80B8B /* Debug */ = {
			isa = XCBuildConfiguration;
			buildSettings = {
				ASSETCATALOG_COMPILER_APPICON_NAME = AppIcon;
				ASSETCATALOG_COMPILER_GLOBAL_ACCENT_COLOR_NAME = AccentColor;
				CODE_SIGN_STYLE = Automatic;
				DEVELOPMENT_TEAM = 629THG8W5C;
				INFOPLIST_FILE = "21 game/Info.plist";
				LD_RUNPATH_SEARCH_PATHS = (
					"$(inherited)",
					"@executable_path/Frameworks",
				);
				PRODUCT_BUNDLE_IDENTIFIER = "ru.NikitaKIrshin.-1-game";
				PRODUCT_NAME = "$(TARGET_NAME)";
				SWIFT_VERSION = 5.0;
				TARGETED_DEVICE_FAMILY = "1,2";
			};
			name = Debug;
		};
		011EDDA826122AA200F80B8B /* Release */ = {
			isa = XCBuildConfiguration;
			buildSettings = {
				ASSETCATALOG_COMPILER_APPICON_NAME = AppIcon;
				ASSETCATALOG_COMPILER_GLOBAL_ACCENT_COLOR_NAME = AccentColor;
				CODE_SIGN_STYLE = Automatic;
				DEVELOPMENT_TEAM = 629THG8W5C;
				INFOPLIST_FILE = "21 game/Info.plist";
				LD_RUNPATH_SEARCH_PATHS = (
					"$(inherited)",
					"@executable_path/Frameworks",
				);
				PRODUCT_BUNDLE_IDENTIFIER = "ru.NikitaKIrshin.-1-game";
				PRODUCT_NAME = "$(TARGET_NAME)";
				SWIFT_VERSION = 5.0;
				TARGETED_DEVICE_FAMILY = "1,2";
			};
			name = Release;
		};
/* End XCBuildConfiguration section */

/* Begin XCConfigurationList section */
		011EDD8D26122A9E00F80B8B /* Build configuration list for PBXProject "21 game" */ = {
			isa = XCConfigurationList;
			buildConfigurations = (
				011EDDA426122AA200F80B8B /* Debug */,
				011EDDA526122AA200F80B8B /* Release */,
			);
			defaultConfigurationIsVisible = 0;
			defaultConfigurationName = Release;
		};
		011EDDA626122AA200F80B8B /* Build configuration list for PBXNativeTarget "21 game" */ = {
			isa = XCConfigurationList;
			buildConfigurations = (
				011EDDA726122AA200F80B8B /* Debug */,
				011EDDA826122AA200F80B8B /* Release */,
			);
			defaultConfigurationIsVisible = 0;
			defaultConfigurationName = Release;
		};
/* End XCConfigurationList section */
	};
	rootObject = 011EDD8A26122A9E00F80B8B /* Project object */;
}
